<Solution>
  <Project Path="TravelPackageManagementSystem.Repository/TravelPackageManagementSystem.Repository.csproj" />
  <Project Path="TravelPackageManagementSystem.Services/TravelPackageManagementSystem.Services.csproj" />
  <Project Path="TravelPackageManagementSystem/TravelPackageManagementSystem.Application.csproj" />
</Solution>
